
Microsoft Visual Studio Solution File, Format Version 12.00
# Visual Studio Version 17
VisualStudioVersion = 17.9.34728.123
MinimumVisualStudioVersion = 10.0.40219.1
Project("{9A19103F-16F7-4668-BE54-9A1E7A4F7556}") = "Exercise1", "Exercise1\Exercise1.csproj", "{F3BEC754-FB53-4B7D-841A-4ECEAAF4B464}"
EndProject
Project("{9A19103F-16F7-4668-BE54-9A1E7A4F7556}") = "Exercise2", "Exercise2\Exercise2.csproj", "{2FD0CFE5-96CB-455B-BD17-120B5E9580AA}"
EndProject
Project("{2150E333-8FDC-42A3-9474-1A3956D46DE8}") = "Solution Items", "Solution Items", "{F38E0505-D276-49DC-8045-5BDE6A0990A5}"
	ProjectSection(SolutionItems) = preProject
		README.md = README.md
	EndProjectSection
EndProject
Project("{FAE04EC0-301F-11D3-BF4B-00C04F79EFBC}") = "Exercise3", "Exercise3\Exercise3.csproj", "{74B9825E-11F2-46C7-ADD6-DAAA4EB88483}"
EndProject
Global
	GlobalSection(SolutionConfigurationPlatforms) = preSolution
		Debug|Any CPU = Debug|Any CPU
		Release|Any CPU = Release|Any CPU
	EndGlobalSection
	GlobalSection(ProjectConfigurationPlatforms) = postSolution
		{F3BEC754-FB53-4B7D-841A-4ECEAAF4B464}.Debug|Any CPU.ActiveCfg = Debug|Any CPU
		{F3BEC754-FB53-4B7D-841A-4ECEAAF4B464}.Debug|Any CPU.Build.0 = Debug|Any CPU
		{F3BEC754-FB53-4B7D-841A-4ECEAAF4B464}.Release|Any CPU.ActiveCfg = Release|Any CPU
		{F3BEC754-FB53-4B7D-841A-4ECEAAF4B464}.Release|Any CPU.Build.0 = Release|Any CPU
		{2FD0CFE5-96CB-455B-BD17-120B5E9580AA}.Debug|Any CPU.ActiveCfg = Debug|Any CPU
		{2FD0CFE5-96CB-455B-BD17-120B5E9580AA}.Debug|Any CPU.Build.0 = Debug|Any CPU
		{2FD0CFE5-96CB-455B-BD17-120B5E9580AA}.Release|Any CPU.ActiveCfg = Release|Any CPU
		{2FD0CFE5-96CB-455B-BD17-120B5E9580AA}.Release|Any CPU.Build.0 = Release|Any CPU
		{74B9825E-11F2-46C7-ADD6-DAAA4EB88483}.Debug|Any CPU.ActiveCfg = Debug|Any CPU
		{74B9825E-11F2-46C7-ADD6-DAAA4EB88483}.Debug|Any CPU.Build.0 = Debug|Any CPU
		{74B9825E-11F2-46C7-ADD6-DAAA4EB88483}.Release|Any CPU.ActiveCfg = Release|Any CPU
		{74B9825E-11F2-46C7-ADD6-DAAA4EB88483}.Release|Any CPU.Build.0 = Release|Any CPU
	EndGlobalSection
	GlobalSection(SolutionProperties) = preSolution
		HideSolutionNode = FALSE
	EndGlobalSection
	GlobalSection(ExtensibilityGlobals) = postSolution
		SolutionGuid = {97961C06-DC5F-475B-95E4-545623639CE4}
	EndGlobalSection
EndGlobal
